// !$*UTF8*$!
{
	archiveVersion = 1;
	classes = {
	};
	objectVersion = 55;
	objects = {

/* Begin PBXBuildFile section */
		43347090277A2F340053EBE7 /* TravelDiscoveryLBTAApp.swift in Sources */ = {isa = PBXBuildFile; fileRef = 4334708F277A2F340053EBE7 /* TravelDiscoveryLBTAApp.swift */; };
		43347092277A2F340053EBE7 /* DiscoverView.swift in Sources */ = {isa = PBXBuildFile; fileRef = 43347091277A2F340053EBE7 /* DiscoverView.swift */; };
		43347094277A2F360053EBE7 /* Assets.xcassets in Resources */ = {isa = PBXBuildFile; fileRef = 43347093277A2F360053EBE7 /* Assets.xcassets */; };
		43347097277A2F360053EBE7 /* Preview Assets.xcassets in Resources */ = {isa = PBXBuildFile; fileRef = 43347096277A2F360053EBE7 /* Preview Assets.xcassets */; };
		433470A0277BAD0D0053EBE7 /* PopularDestinationView.swift in Sources */ = {isa = PBXBuildFile; fileRef = 4334709F277BAD0D0053EBE7 /* PopularDestinationView.swift */; };
		433470A2277BAE030053EBE7 /* PopularRestaurantsView.swift in Sources */ = {isa = PBXBuildFile; fileRef = 433470A1277BAE030053EBE7 /* PopularRestaurantsView.swift */; };
		433470A4277BAE3B0053EBE7 /* TrendingCreatorsView.swift in Sources */ = {isa = PBXBuildFile; fileRef = 433470A3277BAE3B0053EBE7 /* TrendingCreatorsView.swift */; };
		433470A6277BAE550053EBE7 /* DiscoveryCategoriesView.swift in Sources */ = {isa = PBXBuildFile; fileRef = 433470A5277BAE550053EBE7 /* DiscoveryCategoriesView.swift */; };
		43464A042783809300C92794 /* DestinationHeaderContainer.swift in Sources */ = {isa = PBXBuildFile; fileRef = 43464A032783809300C92794 /* DestinationHeaderContainer.swift */; };
		43464A0727862B9500C92794 /* RestaurantDetailsView.swift in Sources */ = {isa = PBXBuildFile; fileRef = 43464A0627862B9500C92794 /* RestaurantDetailsView.swift */; };
		435A9A0C2789FAC5009B1CDD /* RestaurantPhotosView.swift in Sources */ = {isa = PBXBuildFile; fileRef = 435A9A0B2789FAC5009B1CDD /* RestaurantPhotosView.swift */; };
		435A9A0F278A36FD009B1CDD /* RestaurantCarouselContainer.swift in Sources */ = {isa = PBXBuildFile; fileRef = 435A9A0E278A36FC009B1CDD /* RestaurantCarouselContainer.swift */; };
		438478B6277E5A3100574C2A /* Kingfisher in Frameworks */ = {isa = PBXBuildFile; productRef = 438478B5277E5A3100574C2A /* Kingfisher */; };
		438478B9277E5A6E00574C2A /* SDWebImage in Frameworks */ = {isa = PBXBuildFile; productRef = 438478B8277E5A6E00574C2A /* SDWebImage */; };
		438478BB277E5A6E00574C2A /* SDWebImageMapKit in Frameworks */ = {isa = PBXBuildFile; productRef = 438478BA277E5A6E00574C2A /* SDWebImageMapKit */; };
		438478BE277F814B00574C2A /* CategoryDetailsView.swift in Sources */ = {isa = PBXBuildFile; fileRef = 438478BD277F814B00574C2A /* CategoryDetailsView.swift */; };
		438478C0277F841200574C2A /* ActivityIndicatorView.swift in Sources */ = {isa = PBXBuildFile; fileRef = 438478BF277F841200574C2A /* ActivityIndicatorView.swift */; };
		438478C2277F845000574C2A /* Place.swift in Sources */ = {isa = PBXBuildFile; fileRef = 438478C1277F845000574C2A /* Place.swift */; };
		43B178D8278B562500F43F9C /* UserDetailsView.swift in Sources */ = {isa = PBXBuildFile; fileRef = 43B178D7278B562500F43F9C /* UserDetailsView.swift */; };
		43B7CF99277BAF2F00DEB169 /* Destination.swift in Sources */ = {isa = PBXBuildFile; fileRef = 43B7CF98277BAF2F00DEB169 /* Destination.swift */; };
		43B7CF9B277BAF4800DEB169 /* Restaurant.swift in Sources */ = {isa = PBXBuildFile; fileRef = 43B7CF9A277BAF4800DEB169 /* Restaurant.swift */; };
		43B7CF9D277BAF6800DEB169 /* User.swift in Sources */ = {isa = PBXBuildFile; fileRef = 43B7CF9C277BAF6800DEB169 /* User.swift */; };
		43B7CF9F277BAF7200DEB169 /* Category.swift in Sources */ = {isa = PBXBuildFile; fileRef = 43B7CF9E277BAF7200DEB169 /* Category.swift */; };
		43ECE98A277D073C00145B98 /* TileModifier.swift in Sources */ = {isa = PBXBuildFile; fileRef = 43ECE989277D073C00145B98 /* TileModifier.swift */; };
/* End PBXBuildFile section */

/* Begin PBXFileReference section */
		4334708C277A2F340053EBE7 /* TravelDiscoveryLBTA.app */ = {isa = PBXFileReference; explicitFileType = wrapper.application; includeInIndex = 0; path = TravelDiscoveryLBTA.app; sourceTree = BUILT_PRODUCTS_DIR; };
		4334708F277A2F340053EBE7 /* TravelDiscoveryLBTAApp.swift */ = {isa = PBXFileReference; lastKnownFileType = sourcecode.swift; path = TravelDiscoveryLBTAApp.swift; sourceTree = "<group>"; };
		43347091277A2F340053EBE7 /* DiscoverView.swift */ = {isa = PBXFileReference; lastKnownFileType = sourcecode.swift; path = DiscoverView.swift; sourceTree = "<group>"; };
		43347093277A2F360053EBE7 /* Assets.xcassets */ = {isa = PBXFileReference; lastKnownFileType = folder.assetcatalog; path = Assets.xcassets; sourceTree = "<group>"; };
		43347096277A2F360053EBE7 /* Preview Assets.xcassets */ = {isa = PBXFileReference; lastKnownFileType = folder.assetcatalog; path = "Preview Assets.xcassets"; sourceTree = "<group>"; };
		4334709F277BAD0D0053EBE7 /* PopularDestinationView.swift */ = {isa = PBXFileReference; lastKnownFileType = sourcecode.swift; path = PopularDestinationView.swift; sourceTree = "<group>"; };
		433470A1277BAE030053EBE7 /* PopularRestaurantsView.swift */ = {isa = PBXFileReference; lastKnownFileType = sourcecode.swift; path = PopularRestaurantsView.swift; sourceTree = "<group>"; };
		433470A3277BAE3B0053EBE7 /* TrendingCreatorsView.swift */ = {isa = PBXFileReference; lastKnownFileType = sourcecode.swift; path = TrendingCreatorsView.swift; sourceTree = "<group>"; };
		433470A5277BAE550053EBE7 /* DiscoveryCategoriesView.swift */ = {isa = PBXFileReference; lastKnownFileType = sourcecode.swift; path = DiscoveryCategoriesView.swift; sourceTree = "<group>"; };
		43464A032783809300C92794 /* DestinationHeaderContainer.swift */ = {isa = PBXFileReference; lastKnownFileType = sourcecode.swift; path = DestinationHeaderContainer.swift; sourceTree = "<group>"; };
		43464A0627862B9500C92794 /* RestaurantDetailsView.swift */ = {isa = PBXFileReference; lastKnownFileType = sourcecode.swift; path = RestaurantDetailsView.swift; sourceTree = "<group>"; };
		435A9A0B2789FAC5009B1CDD /* RestaurantPhotosView.swift */ = {isa = PBXFileReference; lastKnownFileType = sourcecode.swift; path = RestaurantPhotosView.swift; sourceTree = "<group>"; };
		435A9A0E278A36FC009B1CDD /* RestaurantCarouselContainer.swift */ = {isa = PBXFileReference; lastKnownFileType = sourcecode.swift; path = RestaurantCarouselContainer.swift; sourceTree = "<group>"; };
		438478BD277F814B00574C2A /* CategoryDetailsView.swift */ = {isa = PBXFileReference; lastKnownFileType = sourcecode.swift; path = CategoryDetailsView.swift; sourceTree = "<group>"; };
		438478BF277F841200574C2A /* ActivityIndicatorView.swift */ = {isa = PBXFileReference; lastKnownFileType = sourcecode.swift; path = ActivityIndicatorView.swift; sourceTree = "<group>"; };
		438478C1277F845000574C2A /* Place.swift */ = {isa = PBXFileReference; lastKnownFileType = sourcecode.swift; path = Place.swift; sourceTree = "<group>"; };
		43B178D7278B562500F43F9C /* UserDetailsView.swift */ = {isa = PBXFileReference; lastKnownFileType = sourcecode.swift; path = UserDetailsView.swift; sourceTree = "<group>"; };
		43B7CF98277BAF2F00DEB169 /* Destination.swift */ = {isa = PBXFileReference; lastKnownFileType = sourcecode.swift; path = Destination.swift; sourceTree = "<group>"; };
		43B7CF9A277BAF4800DEB169 /* Restaurant.swift */ = {isa = PBXFileReference; lastKnownFileType = sourcecode.swift; path = Restaurant.swift; sourceTree = "<group>"; };
		43B7CF9C277BAF6800DEB169 /* User.swift */ = {isa = PBXFileReference; lastKnownFileType = sourcecode.swift; path = User.swift; sourceTree = "<group>"; };
		43B7CF9E277BAF7200DEB169 /* Category.swift */ = {isa = PBXFileReference; lastKnownFileType = sourcecode.swift; path = Category.swift; sourceTree = "<group>"; };
		43ECE989277D073C00145B98 /* TileModifier.swift */ = {isa = PBXFileReference; lastKnownFileType = sourcecode.swift; path = TileModifier.swift; sourceTree = "<group>"; };
/* End PBXFileReference section */

/* Begin PBXFrameworksBuildPhase section */
		43347089277A2F340053EBE7 /* Frameworks */ = {
			isa = PBXFrameworksBuildPhase;
			buildActionMask = 2147483647;
			files = (
				438478B9277E5A6E00574C2A /* SDWebImage in Frameworks */,
				438478BB277E5A6E00574C2A /* SDWebImageMapKit in Frameworks */,
				438478B6277E5A3100574C2A /* Kingfisher in Frameworks */,
			);
			runOnlyForDeploymentPostprocessing = 0;
		};
/* End PBXFrameworksBuildPhase section */

/* Begin PBXGroup section */
		43347083277A2F340053EBE7 = {
			isa = PBXGroup;
			children = (
				4334708E277A2F340053EBE7 /* TravelDiscoveryLBTA */,
				4334708D277A2F340053EBE7 /* Products */,
			);
			sourceTree = "<group>";
		};
		4334708D277A2F340053EBE7 /* Products */ = {
			isa = PBXGroup;
			children = (
				4334708C277A2F340053EBE7 /* TravelDiscoveryLBTA.app */,
			);
			name = Products;
			sourceTree = "<group>";
		};
		4334708E277A2F340053EBE7 /* TravelDiscoveryLBTA */ = {
			isa = PBXGroup;
			children = (
				43ECE988277D072900145B98 /* Utils */,
				433470A7277BAEB50053EBE7 /* Models */,
				4334709D277BAABF0053EBE7 /* Discover */,
				4334708F277A2F340053EBE7 /* TravelDiscoveryLBTAApp.swift */,
				43347093277A2F360053EBE7 /* Assets.xcassets */,
				43347095277A2F360053EBE7 /* Preview Content */,
			);
			path = TravelDiscoveryLBTA;
			sourceTree = "<group>";
		};
		43347095277A2F360053EBE7 /* Preview Content */ = {
			isa = PBXGroup;
			children = (
				43347096277A2F360053EBE7 /* Preview Assets.xcassets */,
			);
			path = "Preview Content";
			sourceTree = "<group>";
		};
		4334709D277BAABF0053EBE7 /* Discover */ = {
			isa = PBXGroup;
			children = (
				43B178D6278B561800F43F9C /* User */,
				43464A0527862B8000C92794 /* Restaurant */,
				43464A022783808500C92794 /* Destination */,
				438478BC277F812000574C2A /* Category */,
				43347091277A2F340053EBE7 /* DiscoverView.swift */,
				4334709F277BAD0D0053EBE7 /* PopularDestinationView.swift */,
				433470A1277BAE030053EBE7 /* PopularRestaurantsView.swift */,
				433470A5277BAE550053EBE7 /* DiscoveryCategoriesView.swift */,
				433470A3277BAE3B0053EBE7 /* TrendingCreatorsView.swift */,
			);
			path = Discover;
			sourceTree = "<group>";
		};
		433470A7277BAEB50053EBE7 /* Models */ = {
			isa = PBXGroup;
			children = (
				43B7CF98277BAF2F00DEB169 /* Destination.swift */,
				43B7CF9A277BAF4800DEB169 /* Restaurant.swift */,
				43B7CF9C277BAF6800DEB169 /* User.swift */,
				43B7CF9E277BAF7200DEB169 /* Category.swift */,
				438478C1277F845000574C2A /* Place.swift */,
			);
			path = Models;
			sourceTree = "<group>";
		};
		43464A022783808500C92794 /* Destination */ = {
			isa = PBXGroup;
			children = (
				43464A032783809300C92794 /* DestinationHeaderContainer.swift */,
			);
			path = Destination;
			sourceTree = "<group>";
		};
		43464A0527862B8000C92794 /* Restaurant */ = {
			isa = PBXGroup;
			children = (
				43464A0627862B9500C92794 /* RestaurantDetailsView.swift */,
				435A9A0B2789FAC5009B1CDD /* RestaurantPhotosView.swift */,
				435A9A0E278A36FC009B1CDD /* RestaurantCarouselContainer.swift */,
			);
			path = Restaurant;
			sourceTree = "<group>";
		};
		438478BC277F812000574C2A /* Category */ = {
			isa = PBXGroup;
			children = (
				438478BD277F814B00574C2A /* CategoryDetailsView.swift */,
			);
			path = Category;
			sourceTree = "<group>";
		};
		43B178D6278B561800F43F9C /* User */ = {
			isa = PBXGroup;
			children = (
				43B178D7278B562500F43F9C /* UserDetailsView.swift */,
			);
			path = User;
			sourceTree = "<group>";
		};
		43ECE988277D072900145B98 /* Utils */ = {
			isa = PBXGroup;
			children = (
				43ECE989277D073C00145B98 /* TileModifier.swift */,
				438478BF277F841200574C2A /* ActivityIndicatorView.swift */,
			);
			path = Utils;
			sourceTree = "<group>";
		};
/* End PBXGroup section */

/* Begin PBXNativeTarget section */
		4334708B277A2F340053EBE7 /* TravelDiscoveryLBTA */ = {
			isa = PBXNativeTarget;
			buildConfigurationList = 4334709A277A2F360053EBE7 /* Build configuration list for PBXNativeTarget "TravelDiscoveryLBTA" */;
			buildPhases = (
				43347088277A2F340053EBE7 /* Sources */,
				43347089277A2F340053EBE7 /* Frameworks */,
				4334708A277A2F340053EBE7 /* Resources */,
			);
			buildRules = (
			);
			dependencies = (
			);
			name = TravelDiscoveryLBTA;
			packageProductDependencies = (
				438478B5277E5A3100574C2A /* Kingfisher */,
				438478B8277E5A6E00574C2A /* SDWebImage */,
				438478BA277E5A6E00574C2A /* SDWebImageMapKit */,
			);
			productName = TravelDiscoveryLBTA;
			productReference = 4334708C277A2F340053EBE7 /* TravelDiscoveryLBTA.app */;
			productType = "com.apple.product-type.application";
		};
/* End PBXNativeTarget section */

/* Begin PBXProject section */
		43347084277A2F340053EBE7 /* Project object */ = {
			isa = PBXProject;
			attributes = {
				BuildIndependentTargetsInParallel = 1;
				LastSwiftUpdateCheck = 1320;
				LastUpgradeCheck = 1320;
				TargetAttributes = {
					4334708B277A2F340053EBE7 = {
						CreatedOnToolsVersion = 13.2.1;
					};
				};
			};
			buildConfigurationList = 43347087277A2F340053EBE7 /* Build configuration list for PBXProject "TravelDiscoveryLBTA" */;
			compatibilityVersion = "Xcode 13.0";
			developmentRegion = en;
			hasScannedForEncodings = 0;
			knownRegions = (
				en,
				Base,
			);
			mainGroup = 43347083277A2F340053EBE7;
			packageReferences = (
				438478B4277E5A3100574C2A /* XCRemoteSwiftPackageReference "Kingfisher" */,
				438478B7277E5A6E00574C2A /* XCRemoteSwiftPackageReference "SDWebImage" */,
			);
			productRefGroup = 4334708D277A2F340053EBE7 /* Products */;
			projectDirPath = "";
			projectRoot = "";
			targets = (
				4334708B277A2F340053EBE7 /* TravelDiscoveryLBTA */,
			);
		};
/* End PBXProject section */

/* Begin PBXResourcesBuildPhase section */
		4334708A277A2F340053EBE7 /* Resources */ = {
			isa = PBXResourcesBuildPhase;
			buildActionMask = 2147483647;
			files = (
				43347097277A2F360053EBE7 /* Preview Assets.xcassets in Resources */,
				43347094277A2F360053EBE7 /* Assets.xcassets in Resources */,
			);
			runOnlyForDeploymentPostprocessing = 0;
		};
/* End PBXResourcesBuildPhase section */

/* Begin PBXSourcesBuildPhase section */
		43347088277A2F340053EBE7 /* Sources */ = {
			isa = PBXSourcesBuildPhase;
			buildActionMask = 2147483647;
			files = (
				43464A0727862B9500C92794 /* RestaurantDetailsView.swift in Sources */,
				433470A4277BAE3B0053EBE7 /* TrendingCreatorsView.swift in Sources */,
				43ECE98A277D073C00145B98 /* TileModifier.swift in Sources */,
				43B7CF9F277BAF7200DEB169 /* Category.swift in Sources */,
				43B7CF9D277BAF6800DEB169 /* User.swift in Sources */,
				433470A6277BAE550053EBE7 /* DiscoveryCategoriesView.swift in Sources */,
				43464A042783809300C92794 /* DestinationHeaderContainer.swift in Sources */,
				43B178D8278B562500F43F9C /* UserDetailsView.swift in Sources */,
				438478C2277F845000574C2A /* Place.swift in Sources */,
				43347092277A2F340053EBE7 /* DiscoverView.swift in Sources */,
				433470A2277BAE030053EBE7 /* PopularRestaurantsView.swift in Sources */,
				435A9A0F278A36FD009B1CDD /* RestaurantCarouselContainer.swift in Sources */,
				43B7CF9B277BAF4800DEB169 /* Restaurant.swift in Sources */,
				43347090277A2F340053EBE7 /* TravelDiscoveryLBTAApp.swift in Sources */,
				433470A0277BAD0D0053EBE7 /* PopularDestinationView.swift in Sources */,
				43B7CF99277BAF2F00DEB169 /* Destination.swift in Sources */,
				435A9A0C2789FAC5009B1CDD /* RestaurantPhotosView.swift in Sources */,
				438478C0277F841200574C2A /* ActivityIndicatorView.swift in Sources */,
				438478BE277F814B00574C2A /* CategoryDetailsView.swift in Sources */,
			);
			runOnlyForDeploymentPostprocessing = 0;
		};
/* End PBXSourcesBuildPhase section */

/* Begin XCBuildConfiguration section */
		43347098277A2F360053EBE7 /* Debug */ = {
			isa = XCBuildConfiguration;
			buildSettings = {
				ALWAYS_SEARCH_USER_PATHS = NO;
				CLANG_ANALYZER_NONNULL = YES;
				CLANG_ANALYZER_NUMBER_OBJECT_CONVERSION = YES_AGGRESSIVE;
				CLANG_CXX_LANGUAGE_STANDARD = "gnu++17";
				CLANG_CXX_LIBRARY = "libc++";
				CLANG_ENABLE_MODULES = YES;
				CLANG_ENABLE_OBJC_ARC = YES;
				CLANG_ENABLE_OBJC_WEAK = YES;
				CLANG_WARN_BLOCK_CAPTURE_AUTORELEASING = YES;
				CLANG_WARN_BOOL_CONVERSION = YES;
				CLANG_WARN_COMMA = YES;
				CLANG_WARN_CONSTANT_CONVERSION = YES;
				CLANG_WARN_DEPRECATED_OBJC_IMPLEMENTATIONS = YES;
				CLANG_WARN_DIRECT_OBJC_ISA_USAGE = YES_ERROR;
				CLANG_WARN_DOCUMENTATION_COMMENTS = YES;
				CLANG_WARN_EMPTY_BODY = YES;
				CLANG_WARN_ENUM_CONVERSION = YES;
				CLANG_WARN_INFINITE_RECURSION = YES;
				CLANG_WARN_INT_CONVERSION = YES;
				CLANG_WARN_NON_LITERAL_NULL_CONVERSION = YES;
				CLANG_WARN_OBJC_IMPLICIT_RETAIN_SELF = YES;
				CLANG_WARN_OBJC_LITERAL_CONVERSION = YES;
				CLANG_WARN_OBJC_ROOT_CLASS = YES_ERROR;
				CLANG_WARN_QUOTED_INCLUDE_IN_FRAMEWORK_HEADER = YES;
				CLANG_WARN_RANGE_LOOP_ANALYSIS = YES;
				CLANG_WARN_STRICT_PROTOTYPES = YES;
				CLANG_WARN_SUSPICIOUS_MOVE = YES;
				CLANG_WARN_UNGUARDED_AVAILABILITY = YES_AGGRESSIVE;
				CLANG_WARN_UNREACHABLE_CODE = YES;
				CLANG_WARN__DUPLICATE_METHOD_MATCH = YES;
				COPY_PHASE_STRIP = NO;
				DEBUG_INFORMATION_FORMAT = dwarf;
				ENABLE_STRICT_OBJC_MSGSEND = YES;
				ENABLE_TESTABILITY = YES;
				GCC_C_LANGUAGE_STANDARD = gnu11;
				GCC_DYNAMIC_NO_PIC = NO;
				GCC_NO_COMMON_BLOCKS = YES;
				GCC_OPTIMIZATION_LEVEL = 0;
				GCC_PREPROCESSOR_DEFINITIONS = (
					"DEBUG=1",
					"$(inherited)",
				);
				GCC_WARN_64_TO_32_BIT_CONVERSION = YES;
				GCC_WARN_ABOUT_RETURN_TYPE = YES_ERROR;
				GCC_WARN_UNDECLARED_SELECTOR = YES;
				GCC_WARN_UNINITIALIZED_AUTOS = YES_AGGRESSIVE;
				GCC_WARN_UNUSED_FUNCTION = YES;
				GCC_WARN_UNUSED_VARIABLE = YES;
				IPHONEOS_DEPLOYMENT_TARGET = 15.2;
				MTL_ENABLE_DEBUG_INFO = INCLUDE_SOURCE;
				MTL_FAST_MATH = YES;
				ONLY_ACTIVE_ARCH = YES;
				SDKROOT = iphoneos;
				SWIFT_ACTIVE_COMPILATION_CONDITIONS = DEBUG;
				SWIFT_OPTIMIZATION_LEVEL = "-Onone";
			};
			name = Debug;
		};
		43347099277A2F360053EBE7 /* Release */ = {
			isa = XCBuildConfiguration;
			buildSettings = {
				ALWAYS_SEARCH_USER_PATHS = NO;
				CLANG_ANALYZER_NONNULL = YES;
				CLANG_ANALYZER_NUMBER_OBJECT_CONVERSION = YES_AGGRESSIVE;
				CLANG_CXX_LANGUAGE_STANDARD = "gnu++17";
				CLANG_CXX_LIBRARY = "libc++";
				CLANG_ENABLE_MODULES = YES;
				CLANG_ENABLE_OBJC_ARC = YES;
				CLANG_ENABLE_OBJC_WEAK = YES;
				CLANG_WARN_BLOCK_CAPTURE_AUTORELEASING = YES;
				CLANG_WARN_BOOL_CONVERSION = YES;
				CLANG_WARN_COMMA = YES;
				CLANG_WARN_CONSTANT_CONVERSION = YES;
				CLANG_WARN_DEPRECATED_OBJC_IMPLEMENTATIONS = YES;
				CLANG_WARN_DIRECT_OBJC_ISA_USAGE = YES_ERROR;
				CLANG_WARN_DOCUMENTATION_COMMENTS = YES;
				CLANG_WARN_EMPTY_BODY = YES;
				CLANG_WARN_ENUM_CONVERSION = YES;
				CLANG_WARN_INFINITE_RECURSION = YES;
				CLANG_WARN_INT_CONVERSION = YES;
				CLANG_WARN_NON_LITERAL_NULL_CONVERSION = YES;
				CLANG_WARN_OBJC_IMPLICIT_RETAIN_SELF = YES;
				CLANG_WARN_OBJC_LITERAL_CONVERSION = YES;
				CLANG_WARN_OBJC_ROOT_CLASS = YES_ERROR;
				CLANG_WARN_QUOTED_INCLUDE_IN_FRAMEWORK_HEADER = YES;
				CLANG_WARN_RANGE_LOOP_ANALYSIS = YES;
				CLANG_WARN_STRICT_PROTOTYPES = YES;
				CLANG_WARN_SUSPICIOUS_MOVE = YES;
				CLANG_WARN_UNGUARDED_AVAILABILITY = YES_AGGRESSIVE;
				CLANG_WARN_UNREACHABLE_CODE = YES;
				CLANG_WARN__DUPLICATE_METHOD_MATCH = YES;
				COPY_PHASE_STRIP = NO;
				DEBUG_INFORMATION_FORMAT = "dwarf-with-dsym";
				ENABLE_NS_ASSERTIONS = NO;
				ENABLE_STRICT_OBJC_MSGSEND = YES;
				GCC_C_LANGUAGE_STANDARD = gnu11;
				GCC_NO_COMMON_BLOCKS = YES;
				GCC_WARN_64_TO_32_BIT_CONVERSION = YES;
				GCC_WARN_ABOUT_RETURN_TYPE = YES_ERROR;
				GCC_WARN_UNDECLARED_SELECTOR = YES;
				GCC_WARN_UNINITIALIZED_AUTOS = YES_AGGRESSIVE;
				GCC_WARN_UNUSED_FUNCTION = YES;
				GCC_WARN_UNUSED_VARIABLE = YES;
				IPHONEOS_DEPLOYMENT_TARGET = 15.2;
				MTL_ENABLE_DEBUG_INFO = NO;
				MTL_FAST_MATH = YES;
				SDKROOT = iphoneos;
				SWIFT_COMPILATION_MODE = wholemodule;
				SWIFT_OPTIMIZATION_LEVEL = "-O";
				VALIDATE_PRODUCT = YES;
			};
			name = Release;
		};
		4334709B277A2F360053EBE7 /* Debug */ = {
			isa = XCBuildConfiguration;
			buildSettings = {
				ASSETCATALOG_COMPILER_APPICON_NAME = AppIcon;
				ASSETCATALOG_COMPILER_GLOBAL_ACCENT_COLOR_NAME = AccentColor;
				CODE_SIGN_STYLE = Automatic;
				CURRENT_PROJECT_VERSION = 1;
				DEVELOPMENT_ASSET_PATHS = "\"TravelDiscoveryLBTA/Preview Content\"";
				DEVELOPMENT_TEAM = 8XJPN4ZWYW;
				ENABLE_PREVIEWS = YES;
				GENERATE_INFOPLIST_FILE = YES;
				INFOPLIST_KEY_UIApplicationSceneManifest_Generation = YES;
				INFOPLIST_KEY_UIApplicationSupportsIndirectInputEvents = YES;
				INFOPLIST_KEY_UILaunchScreen_Generation = YES;
				INFOPLIST_KEY_UISupportedInterfaceOrientations_iPad = "UIInterfaceOrientationPortrait UIInterfaceOrientationPortraitUpsideDown UIInterfaceOrientationLandscapeLeft UIInterfaceOrientationLandscapeRight";
				INFOPLIST_KEY_UISupportedInterfaceOrientations_iPhone = "UIInterfaceOrientationPortrait UIInterfaceOrientationLandscapeLeft UIInterfaceOrientationLandscapeRight";
				LD_RUNPATH_SEARCH_PATHS = (
					"$(inherited)",
					"@executable_path/Frameworks",
				);
				MARKETING_VERSION = 1.0;
				PRODUCT_BUNDLE_IDENTIFIER = local.TravelDiscoveryLBTA;
				PRODUCT_NAME = "$(TARGET_NAME)";
				SWIFT_EMIT_LOC_STRINGS = YES;
				SWIFT_VERSION = 5.0;
				TARGETED_DEVICE_FAMILY = "1,2";
			};
			name = Debug;
		};
		4334709C277A2F360053EBE7 /* Release */ = {
			isa = XCBuildConfiguration;
			buildSettings = {
				ASSETCATALOG_COMPILER_APPICON_NAME = AppIcon;
				ASSETCATALOG_COMPILER_GLOBAL_ACCENT_COLOR_NAME = AccentColor;
				CODE_SIGN_STYLE = Automatic;
				CURRENT_PROJECT_VERSION = 1;
				DEVELOPMENT_ASSET_PATHS = "\"TravelDiscoveryLBTA/Preview Content\"";
				DEVELOPMENT_TEAM = 8XJPN4ZWYW;
				ENABLE_PREVIEWS = YES;
				GENERATE_INFOPLIST_FILE = YES;
				INFOPLIST_KEY_UIApplicationSceneManifest_Generation = YES;
				INFOPLIST_KEY_UIApplicationSupportsIndirectInputEvents = YES;
				INFOPLIST_KEY_UILaunchScreen_Generation = YES;
				INFOPLIST_KEY_UISupportedInterfaceOrientations_iPad = "UIInterfaceOrientationPortrait UIInterfaceOrientationPortraitUpsideDown UIInterfaceOrientationLandscapeLeft UIInterfaceOrientationLandscapeRight";
				INFOPLIST_KEY_UISupportedInterfaceOrientations_iPhone = "UIInterfaceOrientationPortrait UIInterfaceOrientationLandscapeLeft UIInterfaceOrientationLandscapeRight";
				LD_RUNPATH_SEARCH_PATHS = (
					"$(inherited)",
					"@executable_path/Frameworks",
				);
				MARKETING_VERSION = 1.0;
				PRODUCT_BUNDLE_IDENTIFIER = local.TravelDiscoveryLBTA;
				PRODUCT_NAME = "$(TARGET_NAME)";
				SWIFT_EMIT_LOC_STRINGS = YES;
				SWIFT_VERSION = 5.0;
				TARGETED_DEVICE_FAMILY = "1,2";
			};
			name = Release;
		};
/* End XCBuildConfiguration section */

/* Begin XCConfigurationList section */
		43347087277A2F340053EBE7 /* Build configuration list for PBXProject "TravelDiscoveryLBTA" */ = {
			isa = XCConfigurationList;
			buildConfigurations = (
				43347098277A2F360053EBE7 /* Debug */,
				43347099277A2F360053EBE7 /* Release */,
			);
			defaultConfigurationIsVisible = 0;
			defaultConfigurationName = Release;
		};
		4334709A277A2F360053EBE7 /* Build configuration list for PBXNativeTarget "TravelDiscoveryLBTA" */ = {
			isa = XCConfigurationList;
			buildConfigurations = (
				4334709B277A2F360053EBE7 /* Debug */,
				4334709C277A2F360053EBE7 /* Release */,
			);
			defaultConfigurationIsVisible = 0;
			defaultConfigurationName = Release;
		};
/* End XCConfigurationList section */

/* Begin XCRemoteSwiftPackageReference section */
		438478B4277E5A3100574C2A /* XCRemoteSwiftPackageReference "Kingfisher" */ = {
			isa = XCRemoteSwiftPackageReference;
			repositoryURL = "https://github.com/onevcat/Kingfisher";
			requirement = {
				kind = upToNextMajorVersion;
				minimumVersion = 7.0.0;
			};
		};
		438478B7277E5A6E00574C2A /* XCRemoteSwiftPackageReference "SDWebImage" */ = {
			isa = XCRemoteSwiftPackageReference;
			repositoryURL = "https://github.com/SDWebImage/SDWebImage";
			requirement = {
				kind = upToNextMajorVersion;
				minimumVersion = 5.0.0;
			};
		};
/* End XCRemoteSwiftPackageReference section */

/* Begin XCSwiftPackageProductDependency section */
		438478B5277E5A3100574C2A /* Kingfisher */ = {
			isa = XCSwiftPackageProductDependency;
			package = 438478B4277E5A3100574C2A /* XCRemoteSwiftPackageReference "Kingfisher" */;
			productName = Kingfisher;
		};
		438478B8277E5A6E00574C2A /* SDWebImage */ = {
			isa = XCSwiftPackageProductDependency;
			package = 438478B7277E5A6E00574C2A /* XCRemoteSwiftPackageReference "SDWebImage" */;
			productName = SDWebImage;
		};
		438478BA277E5A6E00574C2A /* SDWebImageMapKit */ = {
			isa = XCSwiftPackageProductDependency;
			package = 438478B7277E5A6E00574C2A /* XCRemoteSwiftPackageReference "SDWebImage" */;
			productName = SDWebImageMapKit;
		};
/* End XCSwiftPackageProductDependency section */
	};
	rootObject = 43347084277A2F340053EBE7 /* Project object */;
}
